
Microsoft Visual Studio Solution File, Format Version 10.00
# Visual Studio 2008
Project("{FAE04EC0-301F-11D3-BF4B-00C04F79EFBC}") = "SpartanWarsTool", "SpartanWarsTool.csproj", "{28AEF8F9-B943-4D52-BF3F-0EA9D50C8117}"
EndProject
Global
	GlobalSection(SolutionConfigurationPlatforms) = preSolution
		Debug|Any CPU = Debug|Any CPU
		Release|Any CPU = Release|Any CPU
	EndGlobalSection
	GlobalSection(ProjectConfigurationPlatforms) = postSolution
		{28AEF8F9-B943-4D52-BF3F-0EA9D50C8117}.Debug|Any CPU.ActiveCfg = Debug|Any CPU
		{28AEF8F9-B943-4D52-BF3F-0EA9D50C8117}.Debug|Any CPU.Build.0 = Debug|Any CPU
		{28AEF8F9-B943-4D52-BF3F-0EA9D50C8117}.Release|Any CPU.ActiveCfg = Release|Any CPU
		{28AEF8F9-B943-4D52-BF3F-0EA9D50C8117}.Release|Any CPU.Build.0 = Release|Any CPU
	EndGlobalSection
	GlobalSection(SolutionProperties) = preSolution
		HideSolutionNode = FALSE
	EndGlobalSection
EndGlobal
